// !$*UTF8*$!
{
	archiveVersion = 1;
	classes = {
	};
	objectVersion = 110;
	objects = {

/* Begin PBXBuildFile section */
		A20000000000000000000001 /* TestSupport in unit Resources */ = {isa = PBXBuildFile; fileRef = A20000000000000000000003; };
		A20000000000000000000002 /* TestSupport in UI Resources */ = {isa = PBXBuildFile; fileRef = A20000000000000000000003; };
		A10000000000000000000001 /* Dependencies in Frameworks */ = {isa = PBXBuildFile; productRef = A10000000000000000000003 /* Dependencies */; };
		A10000000000000000000002 /* Dependencies in Frameworks */ = {isa = PBXBuildFile; productRef = A10000000000000000000004 /* Dependencies */; };
		A10000000000000000000006 /* IssueReporting in Frameworks */ = {isa = PBXBuildFile; productRef = A10000000000000000000008 /* IssueReporting */; };
		A10000000000000000000007 /* Clocks in Frameworks */ = {isa = PBXBuildFile; productRef = A10000000000000000000009 /* Clocks */; };
		A1000000000000000000000C /* ConcurrencyExtras in Frameworks */ = {isa = PBXBuildFile; productRef = A1000000000000000000000D /* ConcurrencyExtras */; };
		B0000000000000000000000C /* HolodeckCore */ = {isa = PBXBuildFile; productRef = B00000000000000000000002; };
		B0000000000000000000000D /* HolodeckCore */ = {isa = PBXBuildFile; productRef = B00000000000000000000003; };
		C0000000000000000000006E = {isa = PBXBuildFile; productRef = C0000000000000000000006D; };
		C000000000000000000000D3 = {isa = PBXBuildFile; fileRef = A20000000000000000000003; };
/* End PBXBuildFile section */

/* Begin PBXContainerItemProxy section */
		24051A613076DFD9003E9983 /* PBXContainerItemProxy */ = {
			isa = PBXContainerItemProxy;
			containerPortal = 24051A403076DFD7003E9983 /* Project object */;
			proxyType = 1;
			remoteGlobalIDString = 24051A473076DFD7003E9983;
			remoteInfo = Holodeck;
		};
		24051A6B3076DFD9003E9983 /* PBXContainerItemProxy */ = {
			isa = PBXContainerItemProxy;
			containerPortal = 24051A403076DFD7003E9983 /* Project object */;
			proxyType = 1;
			remoteGlobalIDString = 24051A473076DFD7003E9983;
			remoteInfo = Holodeck;
		};
/* End PBXContainerItemProxy section */

/* Begin PBXFileReference section */
		A20000000000000000000003 /* TestSupport */ = {isa = PBXFileReference; lastKnownFileType = folder; name = TestSupport; path = HolodeckCore/Tests/HolodeckCoreTests/TestSupport; sourceTree = "<group>"; };
		24051A483076DFD7003E9983 /* Holodeck.app */ = {isa = PBXFileReference; explicitFileType = wrapper.application; includeInIndex = 0; path = Holodeck.app; sourceTree = BUILT_PRODUCTS_DIR; };
		24051A603076DFD9003E9983 /* HolodeckTests.xctest */ = {isa = PBXFileReference; explicitFileType = wrapper.cfbundle; includeInIndex = 0; path = HolodeckTests.xctest; sourceTree = BUILT_PRODUCTS_DIR; };
		24051A6A3076DFD9003E9983 /* HolodeckUITests.xctest */ = {isa = PBXFileReference; explicitFileType = wrapper.cfbundle; includeInIndex = 0; path = HolodeckUITests.xctest; sourceTree = BUILT_PRODUCTS_DIR; };
		C00000000000000000000066 /* HolodeckMac.app */ = {isa = PBXFileReference; explicitFileType = wrapper.application; path = HolodeckMac.app; sourceTree = BUILT_PRODUCTS_DIR; };
		C000000000000000000000CA /* HolodeckMacUITests.xctest */ = {isa = PBXFileReference; explicitFileType = wrapper.cfbundle; path = HolodeckMacUITests.xctest; sourceTree = BUILT_PRODUCTS_DIR; };
/* End PBXFileReference section */

/* Begin PBXFileSystemSynchronizedBuildFileExceptionSet section */
		24051A703076DFD9003E9983 /* Exceptions for "Holodeck" folder in "Holodeck" target */ = {
			isa = PBXFileSystemSynchronizedBuildFileExceptionSet;
			membershipExceptions = (
				Info.plist,
			);
			target = 24051A473076DFD7003E9983 /* Holodeck */;
		};
/* End PBXFileSystemSynchronizedBuildFileExceptionSet section */

/* Begin PBXFileSystemSynchronizedRootGroup section */
		24051A4A3076DFD7003E9983 /* Holodeck */ = {
			isa = PBXFileSystemSynchronizedRootGroup;
			exceptions = (
				24051A703076DFD9003E9983 /* Exceptions for "Holodeck" folder in "Holodeck" target */,
			);
			path = Holodeck;
			sourceTree = "<group>";
		};
		24051A633076DFD9003E9983 /* HolodeckTests */ = {
			isa = PBXFileSystemSynchronizedRootGroup;
			path = HolodeckTests;
			sourceTree = "<group>";
		};
		24051A6D3076DFD9003E9983 /* HolodeckUITests */ = {
			isa = PBXFileSystemSynchronizedRootGroup;
			path = HolodeckUITests;
			sourceTree = "<group>";
		};
		C00000000000000000000065 /* HolodeckMac */ = {isa = PBXFileSystemSynchronizedRootGroup; path = HolodeckMac; sourceTree = "<group>"; };
		C000000000000000000000C9 /* HolodeckMacUITests */ = {isa = PBXFileSystemSynchronizedRootGroup; path = HolodeckMacUITests; sourceTree = "<group>"; };
/* End PBXFileSystemSynchronizedRootGroup section */

/* Begin PBXFrameworksBuildPhase section */
		24051A453076DFD7003E9983 /* Frameworks */ = {
			isa = PBXFrameworksBuildPhase;
			files = (
				A10000000000000000000001 /* Dependencies in Frameworks */,
				A10000000000000000000006 /* IssueReporting in Frameworks */,
				B0000000000000000000000C /* HolodeckCore */,
			);
		};
		24051A5D3076DFD9003E9983 /* Frameworks */ = {
			isa = PBXFrameworksBuildPhase;
			files = (
				A10000000000000000000002 /* Dependencies in Frameworks */,
				A10000000000000000000007 /* Clocks in Frameworks */,
				A1000000000000000000000C /* ConcurrencyExtras in Frameworks */,
				B0000000000000000000000D /* HolodeckCore */,
			);
		};
		24051A673076DFD9003E9983 /* Frameworks */ = {
			isa = PBXFrameworksBuildPhase;
			files = (
			);
		};
		C00000000000000000000068 = {isa = PBXFrameworksBuildPhase; buildActionMask = 2147483647; files = (C0000000000000000000006E,); runOnlyForDeploymentPostprocessing = 0; };
		C000000000000000000000CC = {isa = PBXFrameworksBuildPhase; buildActionMask = 2147483647; files = (); runOnlyForDeploymentPostprocessing = 0; };
/* End PBXFrameworksBuildPhase section */

/* Begin PBXGroup section */
		24051A3F3076DFD7003E9983 = {
			isa = PBXGroup;
			children = (
				24051A4A3076DFD7003E9983 /* Holodeck */,
				A20000000000000000000003 /* TestSupport */,
				24051A633076DFD9003E9983 /* HolodeckTests */,
				24051A6D3076DFD9003E9983 /* HolodeckUITests */,
				24051A493076DFD7003E9983 /* Products */,
				C00000000000000000000065 /* HolodeckMac */,
				C000000000000000000000C9 /* HolodeckMacUITests */,
			);
			sourceTree = "<group>";
		};
		24051A493076DFD7003E9983 /* Products */ = {
			isa = PBXGroup;
			children = (
				24051A483076DFD7003E9983 /* Holodeck.app */,
				24051A603076DFD9003E9983 /* HolodeckTests.xctest */,
				24051A6A3076DFD9003E9983 /* HolodeckUITests.xctest */,
				C00000000000000000000066 /* HolodeckMac.app */,
				C000000000000000000000CA /* HolodeckMacUITests.xctest */,
			);
			name = Products;
			sourceTree = "<group>";
		};
/* End PBXGroup section */

/* Begin PBXNativeTarget section */
		24051A473076DFD7003E9983 /* Holodeck */ = {
			isa = PBXNativeTarget;
			buildConfigurationList = 24051A713076DFD9003E9983 /* Build configuration list for PBXNativeTarget "Holodeck" */;
			buildPhases = (
				24051A443076DFD7003E9983 /* Sources */,
				24051A453076DFD7003E9983 /* Frameworks */,
				24051A463076DFD7003E9983 /* Resources */,
			);
			buildRules = (
			);
			fileSystemSynchronizedGroups = (
				24051A4A3076DFD7003E9983 /* Holodeck */,
			);
			name = Holodeck;
			packageProductDependencies = (
				A10000000000000000000003 /* Dependencies */,
				A10000000000000000000008 /* IssueReporting */,
				B00000000000000000000002 /* HolodeckCore */,
			);
			productName = Holodeck;
			productReference = 24051A483076DFD7003E9983 /* Holodeck.app */;
			productType = "com.apple.product-type.application";
		};
		24051A5F3076DFD9003E9983 /* HolodeckTests */ = {
			isa = PBXNativeTarget;
			buildConfigurationList = 24051A763076DFD9003E9983 /* Build configuration list for PBXNativeTarget "HolodeckTests" */;
			buildPhases = (
				24051A5C3076DFD9003E9983 /* Sources */,
				24051A5D3076DFD9003E9983 /* Frameworks */,
				24051A5E3076DFD9003E9983 /* Resources */,
			);
			buildRules = (
			);
			dependencies = (
				24051A623076DFD9003E9983 /* PBXTargetDependency */,
			);
			fileSystemSynchronizedGroups = (
				24051A633076DFD9003E9983 /* HolodeckTests */,
			);
			name = HolodeckTests;
			packageProductDependencies = (
				A10000000000000000000004 /* Dependencies */,
				A10000000000000000000009 /* Clocks */,
				A1000000000000000000000D /* ConcurrencyExtras */,
				B00000000000000000000003 /* HolodeckCore */,
			);
			productName = HolodeckTests;
			productReference = 24051A603076DFD9003E9983 /* HolodeckTests.xctest */;
			productType = "com.apple.product-type.bundle.unit-test";
		};
		24051A693076DFD9003E9983 /* HolodeckUITests */ = {
			isa = PBXNativeTarget;
			buildConfigurationList = 24051A793076DFD9003E9983 /* Build configuration list for PBXNativeTarget "HolodeckUITests" */;
			buildPhases = (
				24051A663076DFD9003E9983 /* Sources */,
				24051A673076DFD9003E9983 /* Frameworks */,
				24051A683076DFD9003E9983 /* Resources */,
			);
			buildRules = (
			);
			dependencies = (
				24051A6C3076DFD9003E9983 /* PBXTargetDependency */,
			);
			fileSystemSynchronizedGroups = (
				24051A6D3076DFD9003E9983 /* HolodeckUITests */,
			);
			name = HolodeckUITests;
			productName = HolodeckUITests;
			productReference = 24051A6A3076DFD9003E9983 /* HolodeckUITests.xctest */;
			productType = "com.apple.product-type.bundle.ui-testing";
		};
		C00000000000000000000064 /* HolodeckMac */ = {
            isa = PBXNativeTarget; buildConfigurationList = C0000000000000000000006A;
            buildPhases = (C00000000000000000000067, C00000000000000000000068, C00000000000000000000069);
            buildRules = (); dependencies = (); fileSystemSynchronizedGroups = (C00000000000000000000065);
            name = HolodeckMac; productName = HolodeckMac; productReference = C00000000000000000000066;
            packageProductDependencies = (C0000000000000000000006D); productType = "com.apple.product-type.application";
        };
		C000000000000000000000C8 /* HolodeckMacUITests */ = {
            isa = PBXNativeTarget; buildConfigurationList = C000000000000000000000CE;
            buildPhases = (C000000000000000000000CB, C000000000000000000000CC, C000000000000000000000CD);
            buildRules = (); dependencies = (C000000000000000000000DC,); fileSystemSynchronizedGroups = (C000000000000000000000C9);
            name = HolodeckMacUITests; productName = HolodeckMacUITests; productReference = C000000000000000000000CA;
            packageProductDependencies = (); productType = "com.apple.product-type.bundle.ui-testing";
        };
/* End PBXNativeTarget section */

/* Begin PBXProject section */
		24051A403076DFD7003E9983 /* Project object */ = {
			isa = PBXProject;
			attributes = {
				BuildIndependentTargetsInParallel = 1;
				LastSwiftUpdateCheck = 2700;
				LastUpgradeCheck = 2700;
				TargetAttributes = {
					24051A473076DFD7003E9983 = {
						CreatedOnToolsVersion = 27.0;
					};
					24051A5F3076DFD9003E9983 = {
						CreatedOnToolsVersion = 27.0;
						TestTargetID = 24051A473076DFD7003E9983;
					};
					24051A693076DFD9003E9983 = {
						CreatedOnToolsVersion = 27.0;
						TestTargetID = 24051A473076DFD7003E9983;
					};
				};
			};
			buildConfigurationList = 24051A433076DFD7003E9983 /* Build configuration list for PBXProject "Holodeck" */;
			developmentRegion = en;
			hasScannedForEncodings = 0;
			knownRegions = (
				en,
				Base,
			);
			mainGroup = 24051A3F3076DFD7003E9983;
			minimizedProjectReferenceProxies = 1;
			packageReferences = (
				A10000000000000000000005 /* XCRemoteSwiftPackageReference "swift-dependencies" */,
				A1000000000000000000000A /* XCRemoteSwiftPackageReference "swift-issue-reporting" */,
				A1000000000000000000000B /* XCRemoteSwiftPackageReference "swift-clocks" */,
				A1000000000000000000000E /* XCRemoteSwiftPackageReference "swift-concurrency-extras" */,
				B00000000000000000000001 /* HolodeckCore */,
			);
			preferredProjectObjectVersion = 77;
			productRefGroup = 24051A493076DFD7003E9983 /* Products */;
			projectDirPath = "";
			projectRoot = "";
			targets = (
				24051A473076DFD7003E9983 /* Holodeck */,
				24051A5F3076DFD9003E9983 /* HolodeckTests */,
				24051A693076DFD9003E9983 /* HolodeckUITests */,
				C00000000000000000000064 /* HolodeckMac */,
				C000000000000000000000C8 /* HolodeckMacUITests */,
			);
		};
/* End PBXProject section */

/* Begin PBXResourcesBuildPhase section */
		24051A463076DFD7003E9983 /* Resources */ = {
			isa = PBXResourcesBuildPhase;
			files = (
			);
		};
		24051A5E3076DFD9003E9983 /* Resources */ = {
			isa = PBXResourcesBuildPhase;
			files = (
				A20000000000000000000001 /* TestSupport */,
			);
		};
		24051A683076DFD9003E9983 /* Resources */ = {
			isa = PBXResourcesBuildPhase;
			files = (
				A20000000000000000000002 /* TestSupport */,
			);
		};
		C00000000000000000000069 = {isa = PBXResourcesBuildPhase; buildActionMask = 2147483647; files = (); runOnlyForDeploymentPostprocessing = 0; };
		C000000000000000000000CD = {isa = PBXResourcesBuildPhase; buildActionMask = 2147483647; files = (C000000000000000000000D3,); runOnlyForDeploymentPostprocessing = 0; };
/* End PBXResourcesBuildPhase section */

/* Begin PBXSourcesBuildPhase section */
		24051A443076DFD7003E9983 /* Sources */ = {
			isa = PBXSourcesBuildPhase;
			files = (
			);
		};
		24051A5C3076DFD9003E9983 /* Sources */ = {
			isa = PBXSourcesBuildPhase;
			files = (
			);
		};
		24051A663076DFD9003E9983 /* Sources */ = {
			isa = PBXSourcesBuildPhase;
			files = (
			);
		};
		C00000000000000000000067 = {isa = PBXSourcesBuildPhase; buildActionMask = 2147483647; files = (); runOnlyForDeploymentPostprocessing = 0; };
		C000000000000000000000CB = {isa = PBXSourcesBuildPhase; buildActionMask = 2147483647; files = (); runOnlyForDeploymentPostprocessing = 0; };
/* End PBXSourcesBuildPhase section */

/* Begin PBXTargetDependency section */
		24051A623076DFD9003E9983 /* PBXTargetDependency */ = {
			isa = PBXTargetDependency;
			target = 24051A473076DFD7003E9983 /* Holodeck */;
			targetProxy = 24051A613076DFD9003E9983 /* PBXContainerItemProxy */;
		};
		24051A6C3076DFD9003E9983 /* PBXTargetDependency */ = {
			isa = PBXTargetDependency;
			target = 24051A473076DFD7003E9983 /* Holodeck */;
			targetProxy = 24051A6B3076DFD9003E9983 /* PBXContainerItemProxy */;
		};
		C000000000000000000000DC = {isa = PBXTargetDependency; target = C00000000000000000000064; };
/* End PBXTargetDependency section */

/* Begin XCBuildConfiguration section */
		24051A723076DFD9003E9983 /* Debug configuration for PBXNativeTarget "Holodeck" */ = {
			isa = XCBuildConfiguration;
			buildSettings = {
				ASSETCATALOG_COMPILER_APPICON_NAME = "App Icon & Top Shelf Image";
				ASSETCATALOG_COMPILER_GLOBAL_ACCENT_COLOR_NAME = AccentColor;
				CODE_SIGN_STYLE = Automatic;
				CURRENT_PROJECT_VERSION = 1;
				DEVELOPMENT_TEAM = MGPHJKUJSY;
				GENERATE_INFOPLIST_FILE = YES;
				INFOPLIST_FILE = Holodeck/Info.plist;
				INFOPLIST_KEY_UIRequiredDeviceCapabilities = metal;
				INFOPLIST_KEY_UIUserInterfaceStyle = Automatic;
				LD_RUNPATH_SEARCH_PATHS = (
					"$(inherited)",
					"@executable_path/Frameworks",
				);
				MARKETING_VERSION = 1.0;
				PRODUCT_BUNDLE_IDENTIFIER = me.haroldmartin.Holodeck;
				PRODUCT_NAME = "$(TARGET_NAME)";
				STRING_CATALOG_GENERATE_SYMBOLS = YES;
				SWIFT_APPROACHABLE_CONCURRENCY = YES;
				SWIFT_DEFAULT_ACTOR_ISOLATION = MainActor;
				SWIFT_EMIT_LOC_STRINGS = YES;
				SWIFT_UPCOMING_FEATURE_MEMBER_IMPORT_VISIBILITY = YES;
				SWIFT_VERSION = 5.0;
				TARGETED_DEVICE_FAMILY = 3;
			};
			name = Debug;
		};
		24051A733076DFD9003E9983 /* Release configuration for PBXNativeTarget "Holodeck" */ = {
			isa = XCBuildConfiguration;
			buildSettings = {
				ASSETCATALOG_COMPILER_APPICON_NAME = "App Icon & Top Shelf Image";
				ASSETCATALOG_COMPILER_GLOBAL_ACCENT_COLOR_NAME = AccentColor;
				CODE_SIGN_STYLE = Automatic;
				CURRENT_PROJECT_VERSION = 1;
				DEVELOPMENT_TEAM = MGPHJKUJSY;
				GENERATE_INFOPLIST_FILE = YES;
				INFOPLIST_FILE = Holodeck/Info.plist;
				INFOPLIST_KEY_UIRequiredDeviceCapabilities = metal;
				INFOPLIST_KEY_UIUserInterfaceStyle = Automatic;
				LD_RUNPATH_SEARCH_PATHS = (
					"$(inherited)",
					"@executable_path/Frameworks",
				);
				MARKETING_VERSION = 1.0;
				PRODUCT_BUNDLE_IDENTIFIER = me.haroldmartin.Holodeck;
				PRODUCT_NAME = "$(TARGET_NAME)";
				STRING_CATALOG_GENERATE_SYMBOLS = YES;
				SWIFT_APPROACHABLE_CONCURRENCY = YES;
				SWIFT_DEFAULT_ACTOR_ISOLATION = MainActor;
				SWIFT_EMIT_LOC_STRINGS = YES;
				SWIFT_UPCOMING_FEATURE_MEMBER_IMPORT_VISIBILITY = YES;
				SWIFT_VERSION = 5.0;
				TARGETED_DEVICE_FAMILY = 3;
			};
			name = Release;
		};
		24051A743076DFD9003E9983 /* Debug configuration for PBXProject "Holodeck" */ = {
			isa = XCBuildConfiguration;
			buildSettings = {
				ALWAYS_SEARCH_USER_PATHS = NO;
				ASSETCATALOG_COMPILER_GENERATE_SWIFT_ASSET_SYMBOL_EXTENSIONS = YES;
				CLANG_ANALYZER_NONNULL = YES;
				CLANG_ANALYZER_NUMBER_OBJECT_CONVERSION = YES_AGGRESSIVE;
				CLANG_CXX_LANGUAGE_STANDARD = "gnu++20";
				CLANG_ENABLE_MODULES = YES;
				CLANG_ENABLE_OBJC_ARC = YES;
				CLANG_ENABLE_OBJC_WEAK = YES;
				CLANG_WARN_BLOCK_CAPTURE_AUTORELEASING = YES;
				CLANG_WARN_BOOL_CONVERSION = YES;
				CLANG_WARN_COMMA = YES;
				CLANG_WARN_CONSTANT_CONVERSION = YES;
				CLANG_WARN_DEPRECATED_OBJC_IMPLEMENTATIONS = YES;
				CLANG_WARN_DIRECT_OBJC_ISA_USAGE = YES_ERROR;
				CLANG_WARN_DOCUMENTATION_COMMENTS = YES;
				CLANG_WARN_EMPTY_BODY = YES;
				CLANG_WARN_ENUM_CONVERSION = YES;
				CLANG_WARN_INFINITE_RECURSION = YES;
				CLANG_WARN_INT_CONVERSION = YES;
				CLANG_WARN_NON_LITERAL_NULL_CONVERSION = YES;
				CLANG_WARN_OBJC_IMPLICIT_RETAIN_SELF = YES;
				CLANG_WARN_OBJC_LITERAL_CONVERSION = YES;
				CLANG_WARN_OBJC_ROOT_CLASS = YES_ERROR;
				CLANG_WARN_QUOTED_INCLUDE_IN_FRAMEWORK_HEADER = YES;
				CLANG_WARN_RANGE_LOOP_ANALYSIS = YES;
				CLANG_WARN_STRICT_PROTOTYPES = YES;
				CLANG_WARN_SUSPICIOUS_MOVE = YES;
				CLANG_WARN_UNGUARDED_AVAILABILITY = YES_AGGRESSIVE;
				CLANG_WARN_UNREACHABLE_CODE = YES;
				CLANG_WARN__DUPLICATE_METHOD_MATCH = YES;
				COPY_PHASE_STRIP = NO;
				DEBUG_INFORMATION_FORMAT = dwarf;
				DEVELOPMENT_TEAM = MGPHJKUJSY;
				ENABLE_STRICT_OBJC_MSGSEND = YES;
				ENABLE_TESTABILITY = YES;
				ENABLE_USER_SCRIPT_SANDBOXING = YES;
				GCC_C_LANGUAGE_STANDARD = gnu17;
				GCC_DYNAMIC_NO_PIC = NO;
				GCC_NO_COMMON_BLOCKS = YES;
				GCC_OPTIMIZATION_LEVEL = 0;
				GCC_PREPROCESSOR_DEFINITIONS = (
					"DEBUG=1",
					"$(inherited)",
				);
				GCC_WARN_64_TO_32_BIT_CONVERSION = YES;
				GCC_WARN_ABOUT_RETURN_TYPE = YES_ERROR;
				GCC_WARN_UNDECLARED_SELECTOR = YES;
				GCC_WARN_UNINITIALIZED_AUTOS = YES_AGGRESSIVE;
				GCC_WARN_UNUSED_FUNCTION = YES;
				GCC_WARN_UNUSED_VARIABLE = YES;
				LOCALIZATION_PREFERS_STRING_CATALOGS = YES;
				MTL_ENABLE_DEBUG_INFO = INCLUDE_SOURCE;
				MTL_FAST_MATH = YES;
				ONLY_ACTIVE_ARCH = YES;
				SDKROOT = appletvos;
				SWIFT_ACTIVE_COMPILATION_CONDITIONS = "DEBUG $(inherited)";
				SWIFT_OPTIMIZATION_LEVEL = "-Onone";
				TVOS_DEPLOYMENT_TARGET = 26.0;
			};
			name = Debug;
		};
		24051A753076DFD9003E9983 /* Release configuration for PBXProject "Holodeck" */ = {
			isa = XCBuildConfiguration;
			buildSettings = {
				ALWAYS_SEARCH_USER_PATHS = NO;
				ASSETCATALOG_COMPILER_GENERATE_SWIFT_ASSET_SYMBOL_EXTENSIONS = YES;
				CLANG_ANALYZER_NONNULL = YES;
				CLANG_ANALYZER_NUMBER_OBJECT_CONVERSION = YES_AGGRESSIVE;
				CLANG_CXX_LANGUAGE_STANDARD = "gnu++20";
				CLANG_ENABLE_MODULES = YES;
				CLANG_ENABLE_OBJC_ARC = YES;
				CLANG_ENABLE_OBJC_WEAK = YES;
				CLANG_WARN_BLOCK_CAPTURE_AUTORELEASING = YES;
				CLANG_WARN_BOOL_CONVERSION = YES;
				CLANG_WARN_COMMA = YES;
				CLANG_WARN_CONSTANT_CONVERSION = YES;
				CLANG_WARN_DEPRECATED_OBJC_IMPLEMENTATIONS = YES;
				CLANG_WARN_DIRECT_OBJC_ISA_USAGE = YES_ERROR;
				CLANG_WARN_DOCUMENTATION_COMMENTS = YES;
				CLANG_WARN_EMPTY_BODY = YES;
				CLANG_WARN_ENUM_CONVERSION = YES;
				CLANG_WARN_INFINITE_RECURSION = YES;
				CLANG_WARN_INT_CONVERSION = YES;
				CLANG_WARN_NON_LITERAL_NULL_CONVERSION = YES;
				CLANG_WARN_OBJC_IMPLICIT_RETAIN_SELF = YES;
				CLANG_WARN_OBJC_LITERAL_CONVERSION = YES;
				CLANG_WARN_OBJC_ROOT_CLASS = YES_ERROR;
				CLANG_WARN_QUOTED_INCLUDE_IN_FRAMEWORK_HEADER = YES;
				CLANG_WARN_RANGE_LOOP_ANALYSIS = YES;
				CLANG_WARN_STRICT_PROTOTYPES = YES;
				CLANG_WARN_SUSPICIOUS_MOVE = YES;
				CLANG_WARN_UNGUARDED_AVAILABILITY = YES_AGGRESSIVE;
				CLANG_WARN_UNREACHABLE_CODE = YES;
				CLANG_WARN__DUPLICATE_METHOD_MATCH = YES;
				COPY_PHASE_STRIP = NO;
				DEBUG_INFORMATION_FORMAT = "dwarf-with-dsym";
				DEVELOPMENT_TEAM = MGPHJKUJSY;
				ENABLE_NS_ASSERTIONS = NO;
				ENABLE_STRICT_OBJC_MSGSEND = YES;
				ENABLE_USER_SCRIPT_SANDBOXING = YES;
				GCC_C_LANGUAGE_STANDARD = gnu17;
				GCC_NO_COMMON_BLOCKS = YES;
				GCC_WARN_64_TO_32_BIT_CONVERSION = YES;
				GCC_WARN_ABOUT_RETURN_TYPE = YES_ERROR;
				GCC_WARN_UNDECLARED_SELECTOR = YES;
				GCC_WARN_UNINITIALIZED_AUTOS = YES_AGGRESSIVE;
				GCC_WARN_UNUSED_FUNCTION = YES;
				GCC_WARN_UNUSED_VARIABLE = YES;
				LOCALIZATION_PREFERS_STRING_CATALOGS = YES;
				MTL_ENABLE_DEBUG_INFO = NO;
				MTL_FAST_MATH = YES;
				SDKROOT = appletvos;
				SWIFT_COMPILATION_MODE = wholemodule;
				TVOS_DEPLOYMENT_TARGET = 26.0;
				VALIDATE_PRODUCT = YES;
			};
			name = Release;
		};
		24051A773076DFD9003E9983 /* Debug configuration for PBXNativeTarget "HolodeckTests" */ = {
			isa = XCBuildConfiguration;
			buildSettings = {
				BUNDLE_LOADER = "$(TEST_HOST)";
				CODE_SIGN_STYLE = Automatic;
				CURRENT_PROJECT_VERSION = 1;
				DEVELOPMENT_TEAM = MGPHJKUJSY;
				GENERATE_INFOPLIST_FILE = YES;
				MARKETING_VERSION = 1.0;
				PRODUCT_BUNDLE_IDENTIFIER = me.haroldmartin.HolodeckTests;
				PRODUCT_NAME = "$(TARGET_NAME)";
				STRING_CATALOG_GENERATE_SYMBOLS = NO;
				SWIFT_APPROACHABLE_CONCURRENCY = YES;
				SWIFT_EMIT_LOC_STRINGS = NO;
				SWIFT_UPCOMING_FEATURE_MEMBER_IMPORT_VISIBILITY = YES;
				SWIFT_VERSION = 5.0;
				TARGETED_DEVICE_FAMILY = 3;
				TEST_HOST = "$(BUILT_PRODUCTS_DIR)/Holodeck.app/$(BUNDLE_EXECUTABLE_FOLDER_PATH)/Holodeck";
				TVOS_DEPLOYMENT_TARGET = 26.0;
			};
			name = Debug;
		};
		24051A783076DFD9003E9983 /* Release configuration for PBXNativeTarget "HolodeckTests" */ = {
			isa = XCBuildConfiguration;
			buildSettings = {
				BUNDLE_LOADER = "$(TEST_HOST)";
				CODE_SIGN_STYLE = Automatic;
				CURRENT_PROJECT_VERSION = 1;
				DEVELOPMENT_TEAM = MGPHJKUJSY;
				GENERATE_INFOPLIST_FILE = YES;
				MARKETING_VERSION = 1.0;
				PRODUCT_BUNDLE_IDENTIFIER = me.haroldmartin.HolodeckTests;
				PRODUCT_NAME = "$(TARGET_NAME)";
				STRING_CATALOG_GENERATE_SYMBOLS = NO;
				SWIFT_APPROACHABLE_CONCURRENCY = YES;
				SWIFT_EMIT_LOC_STRINGS = NO;
				SWIFT_UPCOMING_FEATURE_MEMBER_IMPORT_VISIBILITY = YES;
				SWIFT_VERSION = 5.0;
				TARGETED_DEVICE_FAMILY = 3;
				TEST_HOST = "$(BUILT_PRODUCTS_DIR)/Holodeck.app/$(BUNDLE_EXECUTABLE_FOLDER_PATH)/Holodeck";
				TVOS_DEPLOYMENT_TARGET = 26.0;
			};
			name = Release;
		};
		24051A7A3076DFD9003E9983 /* Debug configuration for PBXNativeTarget "HolodeckUITests" */ = {
			isa = XCBuildConfiguration;
			buildSettings = {
				CODE_SIGN_STYLE = Automatic;
				CURRENT_PROJECT_VERSION = 1;
				DEVELOPMENT_TEAM = MGPHJKUJSY;
				GENERATE_INFOPLIST_FILE = YES;
				MARKETING_VERSION = 1.0;
				PRODUCT_BUNDLE_IDENTIFIER = me.haroldmartin.HolodeckUITests;
				PRODUCT_NAME = "$(TARGET_NAME)";
				STRING_CATALOG_GENERATE_SYMBOLS = NO;
				SWIFT_APPROACHABLE_CONCURRENCY = YES;
				SWIFT_EMIT_LOC_STRINGS = NO;
				SWIFT_UPCOMING_FEATURE_MEMBER_IMPORT_VISIBILITY = YES;
				SWIFT_VERSION = 5.0;
				TARGETED_DEVICE_FAMILY = 3;
				TEST_TARGET_NAME = Holodeck;
			};
			name = Debug;
		};
		24051A7B3076DFD9003E9983 /* Release configuration for PBXNativeTarget "HolodeckUITests" */ = {
			isa = XCBuildConfiguration;
			buildSettings = {
				CODE_SIGN_STYLE = Automatic;
				CURRENT_PROJECT_VERSION = 1;
				DEVELOPMENT_TEAM = MGPHJKUJSY;
				GENERATE_INFOPLIST_FILE = YES;
				MARKETING_VERSION = 1.0;
				PRODUCT_BUNDLE_IDENTIFIER = me.haroldmartin.HolodeckUITests;
				PRODUCT_NAME = "$(TARGET_NAME)";
				STRING_CATALOG_GENERATE_SYMBOLS = NO;
				SWIFT_APPROACHABLE_CONCURRENCY = YES;
				SWIFT_EMIT_LOC_STRINGS = NO;
				SWIFT_UPCOMING_FEATURE_MEMBER_IMPORT_VISIBILITY = YES;
				SWIFT_VERSION = 5.0;
				TARGETED_DEVICE_FAMILY = 3;
				TEST_TARGET_NAME = Holodeck;
			};
			name = Release;
		};
		C0000000000000000000006B = {isa = XCBuildConfiguration; buildSettings = {ARCHS = arm64; SDKROOT = macosx; SUPPORTED_PLATFORMS = macosx; MACOSX_DEPLOYMENT_TARGET = 15.0;
                CODE_SIGN_STYLE = Automatic; CODE_SIGN_IDENTITY = "-"; DEVELOPMENT_TEAM = MGPHJKUJSY;
                GENERATE_INFOPLIST_FILE = YES; SWIFT_VERSION = 6.0; SWIFT_DEFAULT_ACTOR_ISOLATION = MainActor;
                SWIFT_APPROACHABLE_CONCURRENCY = YES; CURRENT_PROJECT_VERSION = 1; MARKETING_VERSION = 1.0;
                ENABLE_APP_SANDBOX = YES; ENABLE_OUTGOING_NETWORK_CONNECTIONS = YES;
                PRODUCT_NAME = "$(TARGET_NAME)"; LD_RUNPATH_SEARCH_PATHS = ("$(inherited)", "@executable_path/../Frameworks");
                PRODUCT_BUNDLE_IDENTIFIER = me.haroldmartin.HolodeckMac; INFOPLIST_KEY_CFBundleDisplayName = Holodeck; INFOPLIST_KEY_LSApplicationCategoryType = "public.app-category.entertainment"; COMBINE_HIDPI_IMAGES = YES;}; name = Debug; };
		C0000000000000000000006C = {isa = XCBuildConfiguration; buildSettings = {ARCHS = arm64; SDKROOT = macosx; SUPPORTED_PLATFORMS = macosx; MACOSX_DEPLOYMENT_TARGET = 15.0;
                CODE_SIGN_STYLE = Automatic; CODE_SIGN_IDENTITY = "-"; DEVELOPMENT_TEAM = MGPHJKUJSY;
                GENERATE_INFOPLIST_FILE = YES; SWIFT_VERSION = 6.0; SWIFT_DEFAULT_ACTOR_ISOLATION = MainActor;
                SWIFT_APPROACHABLE_CONCURRENCY = YES; CURRENT_PROJECT_VERSION = 1; MARKETING_VERSION = 1.0;
                ENABLE_APP_SANDBOX = YES; ENABLE_OUTGOING_NETWORK_CONNECTIONS = YES;
                PRODUCT_NAME = "$(TARGET_NAME)"; LD_RUNPATH_SEARCH_PATHS = ("$(inherited)", "@executable_path/../Frameworks");
                PRODUCT_BUNDLE_IDENTIFIER = me.haroldmartin.HolodeckMac; INFOPLIST_KEY_CFBundleDisplayName = Holodeck; INFOPLIST_KEY_LSApplicationCategoryType = "public.app-category.entertainment"; COMBINE_HIDPI_IMAGES = YES;}; name = Release; };
		C000000000000000000000CF = {isa = XCBuildConfiguration; buildSettings = {ARCHS = arm64; SDKROOT = macosx; SUPPORTED_PLATFORMS = macosx; MACOSX_DEPLOYMENT_TARGET = 15.0;
                CODE_SIGN_STYLE = Automatic; CODE_SIGN_IDENTITY = "-"; DEVELOPMENT_TEAM = MGPHJKUJSY;
                GENERATE_INFOPLIST_FILE = YES; SWIFT_VERSION = 6.0;
                SWIFT_APPROACHABLE_CONCURRENCY = YES; CURRENT_PROJECT_VERSION = 1; MARKETING_VERSION = 1.0;
                ENABLE_APP_SANDBOX = YES; ENABLE_OUTGOING_NETWORK_CONNECTIONS = YES;
                PRODUCT_NAME = "$(TARGET_NAME)"; LD_RUNPATH_SEARCH_PATHS = ("$(inherited)", "@executable_path/../Frameworks");
                PRODUCT_BUNDLE_IDENTIFIER = me.haroldmartin.HolodeckMacUITests; TEST_TARGET_NAME = HolodeckMac; ENABLE_APP_SANDBOX = NO;}; name = Debug; };
		C000000000000000000000D0 = {isa = XCBuildConfiguration; buildSettings = {ARCHS = arm64; SDKROOT = macosx; SUPPORTED_PLATFORMS = macosx; MACOSX_DEPLOYMENT_TARGET = 15.0;
                CODE_SIGN_STYLE = Automatic; CODE_SIGN_IDENTITY = "-"; DEVELOPMENT_TEAM = MGPHJKUJSY;
                GENERATE_INFOPLIST_FILE = YES; SWIFT_VERSION = 6.0;
                SWIFT_APPROACHABLE_CONCURRENCY = YES; CURRENT_PROJECT_VERSION = 1; MARKETING_VERSION = 1.0;
                ENABLE_APP_SANDBOX = YES; ENABLE_OUTGOING_NETWORK_CONNECTIONS = YES;
                PRODUCT_NAME = "$(TARGET_NAME)"; LD_RUNPATH_SEARCH_PATHS = ("$(inherited)", "@executable_path/../Frameworks");
                PRODUCT_BUNDLE_IDENTIFIER = me.haroldmartin.HolodeckMacUITests; TEST_TARGET_NAME = HolodeckMac; ENABLE_APP_SANDBOX = NO;}; name = Release; };
/* End XCBuildConfiguration section */

/* Begin XCConfigurationList section */
		24051A433076DFD7003E9983 /* Build configuration list for PBXProject "Holodeck" */ = {
			isa = XCConfigurationList;
			buildConfigurations = (
				24051A743076DFD9003E9983 /* Debug configuration for PBXProject "Holodeck" */,
				24051A753076DFD9003E9983 /* Release configuration for PBXProject "Holodeck" */,
			);
			defaultConfigurationName = Release;
		};
		24051A713076DFD9003E9983 /* Build configuration list for PBXNativeTarget "Holodeck" */ = {
			isa = XCConfigurationList;
			buildConfigurations = (
				24051A723076DFD9003E9983 /* Debug configuration for PBXNativeTarget "Holodeck" */,
				24051A733076DFD9003E9983 /* Release configuration for PBXNativeTarget "Holodeck" */,
			);
			defaultConfigurationName = Release;
		};
		24051A763076DFD9003E9983 /* Build configuration list for PBXNativeTarget "HolodeckTests" */ = {
			isa = XCConfigurationList;
			buildConfigurations = (
				24051A773076DFD9003E9983 /* Debug configuration for PBXNativeTarget "HolodeckTests" */,
				24051A783076DFD9003E9983 /* Release configuration for PBXNativeTarget "HolodeckTests" */,
			);
			defaultConfigurationName = Release;
		};
		24051A793076DFD9003E9983 /* Build configuration list for PBXNativeTarget "HolodeckUITests" */ = {
			isa = XCConfigurationList;
			buildConfigurations = (
				24051A7A3076DFD9003E9983 /* Debug configuration for PBXNativeTarget "HolodeckUITests" */,
				24051A7B3076DFD9003E9983 /* Release configuration for PBXNativeTarget "HolodeckUITests" */,
			);
			defaultConfigurationName = Release;
		};
		C0000000000000000000006A = {isa = XCConfigurationList; buildConfigurations = (C0000000000000000000006B, C0000000000000000000006C); defaultConfigurationName = Release; };
		C000000000000000000000CE = {isa = XCConfigurationList; buildConfigurations = (C000000000000000000000CF, C000000000000000000000D0); defaultConfigurationName = Release; };
/* End XCConfigurationList section */
/* Begin XCRemoteSwiftPackageReference section */
		A10000000000000000000005 /* XCRemoteSwiftPackageReference "swift-dependencies" */ = {
			isa = XCRemoteSwiftPackageReference;
			repositoryURL = "https://github.com/pointfreeco/swift-dependencies";
			requirement = {kind = upToNextMajorVersion; minimumVersion = 1.17.1; };
		};
		A1000000000000000000000A /* XCRemoteSwiftPackageReference "swift-issue-reporting" */ = {
			isa = XCRemoteSwiftPackageReference;
			repositoryURL = "https://github.com/pointfreeco/swift-issue-reporting";
			requirement = {kind = upToNextMajorVersion; minimumVersion = 2.1.0; };
		};
		A1000000000000000000000B /* XCRemoteSwiftPackageReference "swift-clocks" */ = {
			isa = XCRemoteSwiftPackageReference;
			repositoryURL = "https://github.com/pointfreeco/swift-clocks";
			requirement = {kind = upToNextMajorVersion; minimumVersion = 1.1.1; };
		};
		A1000000000000000000000E /* XCRemoteSwiftPackageReference "swift-concurrency-extras" */ = {
			isa = XCRemoteSwiftPackageReference;
			repositoryURL = "https://github.com/pointfreeco/swift-concurrency-extras";
			requirement = {kind = upToNextMajorVersion; minimumVersion = 1.4.1; };
		};
/* End XCRemoteSwiftPackageReference section */

/* Begin XCSwiftPackageProductDependency section */
		A10000000000000000000003 /* Dependencies */ = {
			isa = XCSwiftPackageProductDependency;
			package = A10000000000000000000005 /* XCRemoteSwiftPackageReference "swift-dependencies" */;
			productName = Dependencies;
		};
		A10000000000000000000004 /* Dependencies */ = {
			isa = XCSwiftPackageProductDependency;
			package = A10000000000000000000005 /* XCRemoteSwiftPackageReference "swift-dependencies" */;
			productName = Dependencies;
		};
		A10000000000000000000008 /* IssueReporting */ = {
			isa = XCSwiftPackageProductDependency;
			package = A1000000000000000000000A /* XCRemoteSwiftPackageReference "swift-issue-reporting" */;
			productName = IssueReporting;
		};
		A10000000000000000000009 /* Clocks */ = {
			isa = XCSwiftPackageProductDependency;
			package = A1000000000000000000000B /* XCRemoteSwiftPackageReference "swift-clocks" */;
			productName = Clocks;
		};
		A1000000000000000000000D /* ConcurrencyExtras */ = {
			isa = XCSwiftPackageProductDependency;
			package = A1000000000000000000000E /* XCRemoteSwiftPackageReference "swift-concurrency-extras" */;
			productName = ConcurrencyExtras;
		};
		B00000000000000000000002 /* HolodeckCore */ = {isa = XCSwiftPackageProductDependency; package = B00000000000000000000001; productName = HolodeckCore; };
		B00000000000000000000003 /* HolodeckCore */ = {isa = XCSwiftPackageProductDependency; package = B00000000000000000000001; productName = HolodeckCore; };
		C0000000000000000000006D = {isa = XCSwiftPackageProductDependency; package = B00000000000000000000001; productName = HolodeckCore; };
/* End XCSwiftPackageProductDependency section */

/* Begin XCLocalSwiftPackageReference section */
		B00000000000000000000001 /* HolodeckCore */ = {isa = XCLocalSwiftPackageReference; relativePath = HolodeckCore; };
/* End XCLocalSwiftPackageReference section */
	};
	rootObject = 24051A403076DFD7003E9983 /* Project object */;
	validationLevel = 1;
}
